
Microsoft Visual Studio Solution File, Format Version 12.00
# Visual Studio Version 17
VisualStudioVersion = 17.12.35527.113
MinimumVisualStudioVersion = 10.0.40219.1
Project("{FAE04EC0-301F-11D3-BF4B-00C04F79EFBC}") = "ChooseYourDay", "ChooseYourDay\ChooseYourDay.csproj", "{989C9305-9AD6-451C-B6CC-104DAB4C88A6}"
EndProject
Project("{2150E333-8FDC-42A3-9474-1A3956D46DE8}") = "Solution Items", "Solution Items", "{388293AE-56CE-4553-92CC-631EC0D38142}"
	ProjectSection(SolutionItems) = preProject
		.gitattributes = .gitattributes
		.gitignore = .gitignore
		README.md = README.md
	EndProjectSection
EndProject
Global
	GlobalSection(SolutionConfigurationPlatforms) = preSolution
		Debug|Any CPU = Debug|Any CPU
		Release|Any CPU = Release|Any CPU
	EndGlobalSection
	GlobalSection(ProjectConfigurationPlatforms) = postSolution
		{989C9305-9AD6-451C-B6CC-104DAB4C88A6}.Debug|Any CPU.ActiveCfg = Debug|Any CPU
		{989C9305-9AD6-451C-B6CC-104DAB4C88A6}.Debug|Any CPU.Build.0 = Debug|Any CPU
		{989C9305-9AD6-451C-B6CC-104DAB4C88A6}.Release|Any CPU.ActiveCfg = Release|Any CPU
		{989C9305-9AD6-451C-B6CC-104DAB4C88A6}.Release|Any CPU.Build.0 = Release|Any CPU
	EndGlobalSection
	GlobalSection(SolutionProperties) = preSolution
		HideSolutionNode = FALSE
	EndGlobalSection
EndGlobal
